
Microsoft Visual Studio Solution File, Format Version 12.00
# Visual Studio Version 17
VisualStudioVersion = 17.0.32126.317
MinimumVisualStudioVersion = 10.0.40219.1
Project("{8BC9CEB8-8B4A-11D0-8D11-00A0C91BC942}") = "client", "client\client.vcxproj", "{F174415E-7B4F-4D26-A3BD-92DB4E01F589}"
EndProject
Global
	GlobalSection(SolutionConfigurationPlatforms) = preSolution
		Debug|x64 = Debug|x64
		Debug|x86 = Debug|x86
		Release|x64 = Release|x64
		Release|x86 = Release|x86
	EndGlobalSection
	GlobalSection(ProjectConfigurationPlatforms) = postSolution
		{F174415E-7B4F-4D26-A3BD-92DB4E01F589}.Debug|x64.ActiveCfg = Debug|x64
		{F174415E-7B4F-4D26-A3BD-92DB4E01F589}.Debug|x64.Build.0 = Debug|x64
		{F174415E-7B4F-4D26-A3BD-92DB4E01F589}.Debug|x86.ActiveCfg = Debug|Win32
		{F174415E-7B4F-4D26-A3BD-92DB4E01F589}.Debug|x86.Build.0 = Debug|Win32
		{F174415E-7B4F-4D26-A3BD-92DB4E01F589}.Release|x64.ActiveCfg = Release|x64
		{F174415E-7B4F-4D26-A3BD-92DB4E01F589}.Release|x64.Build.0 = Release|x64
		{F174415E-7B4F-4D26-A3BD-92DB4E01F589}.Release|x86.ActiveCfg = Release|Win32
		{F174415E-7B4F-4D26-A3BD-92DB4E01F589}.Release|x86.Build.0 = Release|Win32
	EndGlobalSection
	GlobalSection(SolutionProperties) = preSolution
		HideSolutionNode = FALSE
	EndGlobalSection
	GlobalSection(ExtensibilityGlobals) = postSolution
		SolutionGuid = {05A87F55-0312-48C1-8341-0FCA79B6C6C9}
	EndGlobalSection
EndGlobal
